
Microsoft Visual Studio Solution File, Format Version 12.00
# Visual Studio 2015
Project("{FAE04EC0-301F-11D3-BF4B-00C04F79EFBC}") = "GD-Megaman.CSharp", "GD-Megaman.CSharp.csproj", "{CC0AF4C9-83CE-29C9-11D4-B4CC0D029955}"
EndProject
Project("{FAE04EC0-301F-11D3-BF4B-00C04F79EFBC}") = "GD-Megaman.CSharp.Editor", "GD-Megaman.CSharp.Editor.csproj", "{7CCBF45B-B06B-59B1-27D9-054D04F7A8C9}"
EndProject
Global
	GlobalSection(SolutionConfigurationPlatforms) = preSolution
		Debug|Any CPU = Debug|Any CPU
		Release|Any CPU = Release|Any CPU
	EndGlobalSection
	GlobalSection(ProjectConfigurationPlatforms) = postSolution
		{CC0AF4C9-83CE-29C9-11D4-B4CC0D029955}.Debug|Any CPU.ActiveCfg = Debug|Any CPU
		{CC0AF4C9-83CE-29C9-11D4-B4CC0D029955}.Debug|Any CPU.Build.0 = Debug|Any CPU
		{CC0AF4C9-83CE-29C9-11D4-B4CC0D029955}.Release|Any CPU.ActiveCfg = Release|Any CPU
		{CC0AF4C9-83CE-29C9-11D4-B4CC0D029955}.Release|Any CPU.Build.0 = Release|Any CPU
		{7CCBF45B-B06B-59B1-27D9-054D04F7A8C9}.Debug|Any CPU.ActiveCfg = Debug|Any CPU
		{7CCBF45B-B06B-59B1-27D9-054D04F7A8C9}.Debug|Any CPU.Build.0 = Debug|Any CPU
		{7CCBF45B-B06B-59B1-27D9-054D04F7A8C9}.Release|Any CPU.ActiveCfg = Release|Any CPU
		{7CCBF45B-B06B-59B1-27D9-054D04F7A8C9}.Release|Any CPU.Build.0 = Release|Any CPU
	EndGlobalSection
	GlobalSection(SolutionProperties) = preSolution
		HideSolutionNode = FALSE
	EndGlobalSection
EndGlobal
